
Microsoft Visual Studio Solution File, Format Version 12.00
# Visual Studio 15
Project("{FAE04EC0-301F-11D3-BF4B-00C04F79EFBC}") = "Tester.Plugins", "Tester.Plugins.csproj", "{F11EDD98-A233-4859-99D0-A9ED07E9820D}"
EndProject
Project("{FAE04EC0-301F-11D3-BF4B-00C04F79EFBC}") = "Tester", "Tester.csproj", "{E1ACBD6F-ACDD-29C0-8850-A5A816E09523}"
EndProject
Project("{FAE04EC0-301F-11D3-BF4B-00C04F79EFBC}") = "Tester.Editor.Plugins", "Tester.Editor.Plugins.csproj", "{913BB100-C3E1-8DA3-161C-FFA3CFFCD61E}"
EndProject
Project("{FAE04EC0-301F-11D3-BF4B-00C04F79EFBC}") = "Tester.Editor", "Tester.Editor.csproj", "{1D247509-EF99-08D1-A9DF-98A92FBFC2F0}"
EndProject
Global
	GlobalSection(SolutionConfigurationPlatforms) = preSolution
		Debug|Any CPU = Debug|Any CPU
		Release|Any CPU = Release|Any CPU
	EndGlobalSection
	GlobalSection(ProjectConfigurationPlatforms) = postSolution
		{F11EDD98-A233-4859-99D0-A9ED07E9820D}.Debug|Any CPU.ActiveCfg = Debug|Any CPU
		{F11EDD98-A233-4859-99D0-A9ED07E9820D}.Debug|Any CPU.Build.0 = Debug|Any CPU
		{F11EDD98-A233-4859-99D0-A9ED07E9820D}.Release|Any CPU.ActiveCfg = Release|Any CPU
		{F11EDD98-A233-4859-99D0-A9ED07E9820D}.Release|Any CPU.Build.0 = Release|Any CPU
		{E1ACBD6F-ACDD-29C0-8850-A5A816E09523}.Debug|Any CPU.ActiveCfg = Debug|Any CPU
		{E1ACBD6F-ACDD-29C0-8850-A5A816E09523}.Debug|Any CPU.Build.0 = Debug|Any CPU
		{E1ACBD6F-ACDD-29C0-8850-A5A816E09523}.Release|Any CPU.ActiveCfg = Release|Any CPU
		{E1ACBD6F-ACDD-29C0-8850-A5A816E09523}.Release|Any CPU.Build.0 = Release|Any CPU
		{913BB100-C3E1-8DA3-161C-FFA3CFFCD61E}.Debug|Any CPU.ActiveCfg = Debug|Any CPU
		{913BB100-C3E1-8DA3-161C-FFA3CFFCD61E}.Debug|Any CPU.Build.0 = Debug|Any CPU
		{913BB100-C3E1-8DA3-161C-FFA3CFFCD61E}.Release|Any CPU.ActiveCfg = Release|Any CPU
		{913BB100-C3E1-8DA3-161C-FFA3CFFCD61E}.Release|Any CPU.Build.0 = Release|Any CPU
		{1D247509-EF99-08D1-A9DF-98A92FBFC2F0}.Debug|Any CPU.ActiveCfg = Debug|Any CPU
		{1D247509-EF99-08D1-A9DF-98A92FBFC2F0}.Debug|Any CPU.Build.0 = Debug|Any CPU
		{1D247509-EF99-08D1-A9DF-98A92FBFC2F0}.Release|Any CPU.ActiveCfg = Release|Any CPU
		{1D247509-EF99-08D1-A9DF-98A92FBFC2F0}.Release|Any CPU.Build.0 = Release|Any CPU
	EndGlobalSection
	GlobalSection(SolutionProperties) = preSolution
		HideSolutionNode = FALSE
	EndGlobalSection
EndGlobal
